
Microsoft Visual Studio Solution File, Format Version 12.00
# Visual Studio Version 16
VisualStudioVersion = 16.0.31019.35
MinimumVisualStudioVersion = 10.0.40219.1
Project("{FAE04EC0-301F-11D3-BF4B-00C04F79EFBC}") = "RepsolTT", "RepsolTT\RepsolTT.csproj", "{66D7B26A-23EB-42B7-924E-14E3A4386E29}"
EndProject
Global
	GlobalSection(SolutionConfigurationPlatforms) = preSolution
		Debug|Any CPU = Debug|Any CPU
		Release|Any CPU = Release|Any CPU
	EndGlobalSection
	GlobalSection(ProjectConfigurationPlatforms) = postSolution
		{66D7B26A-23EB-42B7-924E-14E3A4386E29}.Debug|Any CPU.ActiveCfg = Debug|Any CPU
		{66D7B26A-23EB-42B7-924E-14E3A4386E29}.Debug|Any CPU.Build.0 = Debug|Any CPU
		{66D7B26A-23EB-42B7-924E-14E3A4386E29}.Release|Any CPU.ActiveCfg = Release|Any CPU
		{66D7B26A-23EB-42B7-924E-14E3A4386E29}.Release|Any CPU.Build.0 = Release|Any CPU
	EndGlobalSection
	GlobalSection(SolutionProperties) = preSolution
		HideSolutionNode = FALSE
	EndGlobalSection
	GlobalSection(ExtensibilityGlobals) = postSolution
		SolutionGuid = {59263F95-7CD9-4BFB-B6F3-476CDAF3318B}
	EndGlobalSection
EndGlobal
